<?xml version="1.0" encoding="utf-8"?>
<Project ToolsVersion="4.0" xmlns="http://schemas.microsoft.com/developer/msbuild/2003">
  <ItemGroup>
    <Filter Include="Source Files">
      <UniqueIdentifier>{4FC737F1-C7A5-4376-A066-2A32D752A2FF}</UniqueIdentifier>
      <Extensions>cpp;c;cc;cxx;c++;cppm;ixx;def;odl;idl;hpj;bat;asm;asmx</Extensions>
    </Filter>
    <Filter Include="Header Files">
      <UniqueIdentifier>{93995380-89BD-4b04-88EB-625FBE52EBFB}</UniqueIdentifier>
      <Extensions>h;hh;hpp;hxx;h++;hm;inl;inc;ipp;xsd</Extensions>
    </Filter>
    <Filter Include="Resource Files">
      <UniqueIdentifier>{67DA6AB6-F800-4c08-8B7A-83BB121AAD01}</UniqueIdentifier>
      <Extensions>rc;ico;cur;bmp;dlg;rc2;rct;bin;rgs;gif;jpg;jpeg;jpe;resx;tiff;tif;png;wav;mfcribbon-ms</Extensions>
    </Filter>
    <Filter Include="test">
      <UniqueIdentifier>{4a306d40-3550-4e12-b617-1da91b129a83}</UniqueIdentifier>
      <Extensions>
      </Extensions>
    </Filter>
  </ItemGroup>
  <ItemGroup>
    <ClCompile Include="test\BaseTests.cpp">
      <Filter>test</Filter>
    </ClCompile>
    <ClCompile Include="src\example.cpp">
      <Filter>Source Files</Filter>
    </ClCompile>
    <ClCompile Include="src\PDFDoc.cpp">
      <Filter>Source Files</Filter>
    </ClCompile>
    <ClCompile Include="src\PDFObject.cpp">
      <Filter>Source Files</Filter>
    </ClCompile>
    <ClCompile Include="src\PDFReader.cpp">
      <Filter>Source Files</Filter>
    </ClCompile>
    <ClCompile Include="src\Tokeniser.cpp">
      <Filter>Source Files</Filter>
    </ClCompile>
    <ClCompile Include="src\XRef.cpp">
      <Filter>Source Files</Filter>
    </ClCompile>
    <ClCompile Include="test\SpecTests.cpp">
      <Filter>test</Filter>
    </ClCompile>
    <ClCompile Include="src\PDFDictionary.cpp">
      <Filter>Source Files</Filter>
    </ClCompile>
    <ClCompile Include="src\PDFNumber.cpp">
      <Filter>Source Files</Filter>
    </ClCompile>
    <ClCompile Include="src\PDFName.cpp">
      <Filter>Source Files</Filter>
    </ClCompile>
    <ClCompile Include="src\PDFString.cpp">
      <Filter>Source Files</Filter>
    </ClCompile>
    <ClCompile Include="src\PDFArray.cpp">
      <Filter>Source Files</Filter>
    </ClCompile>
    <ClCompile Include="src\PDFLiteral.cpp">
      <Filter>Source Files</Filter>
    </ClCompile>
    <ClCompile Include="src\PDFIndirectReference.cpp">
      <Filter>Source Files</Filter>
    </ClCompile>
  </ItemGroup>
  <ItemGroup>
    <ClInclude Include="src\PDFDoc.h">
      <Filter>Header Files</Filter>
    </ClInclude>
    <ClInclude Include="src\PDFObject.h">
      <Filter>Header Files</Filter>
    </ClInclude>
    <ClInclude Include="src\PDFReader.h">
      <Filter>Header Files</Filter>
    </ClInclude>
    <ClInclude Include="src\Tokeniser.h">
      <Filter>Header Files</Filter>
    </ClInclude>
    <ClInclude Include="src\XRef.h">
      <Filter>Header Files</Filter>
    </ClInclude>
    <ClInclude Include="src\PDFDictionary.h">
      <Filter>Header Files</Filter>
    </ClInclude>
    <ClInclude Include="src\PDFNumber.h">
      <Filter>Header Files</Filter>
    </ClInclude>
    <ClInclude Include="src\PDFName.h">
      <Filter>Header Files</Filter>
    </ClInclude>
    <ClInclude Include="src\PDFString.h">
      <Filter>Header Files</Filter>
    </ClInclude>
    <ClInclude Include="src\PDFArray.h">
      <Filter>Header Files</Filter>
    </ClInclude>
    <ClInclude Include="src\PDFLiteral.h">
      <Filter>Header Files</Filter>
    </ClInclude>
    <ClInclude Include="src\PDFIndirectReference.h">
      <Filter>Header Files</Filter>
    </ClInclude>
  </ItemGroup>
</Project>